
Microsoft Visual Studio Solution File, Format Version 12.00
# Visual Studio 2012
Project("{FAE04EC0-301F-11D3-BF4B-00C04F79EFBC}") = "GameOfLight", "GameOfLight\GameOfLight.csproj", "{DD2ECBDE-0F7C-4617-AABF-027F2F877C73}"
EndProject
Project("{FAE04EC0-301F-11D3-BF4B-00C04F79EFBC}") = "GamOfLight.Lib", "GamOfLight.Lib\GamOfLight.Lib.csproj", "{7A2BFAA3-8C5C-4EEA-AA50-8299506ED24F}"
EndProject
Global
	GlobalSection(SolutionConfigurationPlatforms) = preSolution
		Debug|Any CPU = Debug|Any CPU
		Release|Any CPU = Release|Any CPU
	EndGlobalSection
	GlobalSection(ProjectConfigurationPlatforms) = postSolution
		{DD2ECBDE-0F7C-4617-AABF-027F2F877C73}.Debug|Any CPU.ActiveCfg = Debug|Any CPU
		{DD2ECBDE-0F7C-4617-AABF-027F2F877C73}.Debug|Any CPU.Build.0 = Debug|Any CPU
		{DD2ECBDE-0F7C-4617-AABF-027F2F877C73}.Release|Any CPU.ActiveCfg = Release|Any CPU
		{DD2ECBDE-0F7C-4617-AABF-027F2F877C73}.Release|Any CPU.Build.0 = Release|Any CPU
		{7A2BFAA3-8C5C-4EEA-AA50-8299506ED24F}.Debug|Any CPU.ActiveCfg = Debug|Any CPU
		{7A2BFAA3-8C5C-4EEA-AA50-8299506ED24F}.Debug|Any CPU.Build.0 = Debug|Any CPU
		{7A2BFAA3-8C5C-4EEA-AA50-8299506ED24F}.Release|Any CPU.ActiveCfg = Release|Any CPU
		{7A2BFAA3-8C5C-4EEA-AA50-8299506ED24F}.Release|Any CPU.Build.0 = Release|Any CPU
	EndGlobalSection
	GlobalSection(SolutionProperties) = preSolution
		HideSolutionNode = FALSE
	EndGlobalSection
EndGlobal
