
Microsoft Visual Studio Solution File, Format Version 12.00
# Visual Studio 2012
Project("{FAE04EC0-301F-11D3-BF4B-00C04F79EFBC}") = "GameOfLight", "GameOfLight\GameOfLight.csproj", "{DD2ECBDE-0F7C-4617-AABF-027F2F877C73}"
EndProject
Project("{FAE04EC0-301F-11D3-BF4B-00C04F79EFBC}") = "GameOfLight.Lib", "GameOfLight.Lib\GameOfLight.Lib.csproj", "{10AB024F-4435-4359-AF77-8F90724F71D0}"
EndProject
Global
	GlobalSection(SolutionConfigurationPlatforms) = preSolution
		Debug|Any CPU = Debug|Any CPU
		Release|Any CPU = Release|Any CPU
	EndGlobalSection
	GlobalSection(ProjectConfigurationPlatforms) = postSolution
		{DD2ECBDE-0F7C-4617-AABF-027F2F877C73}.Debug|Any CPU.ActiveCfg = Debug|Any CPU
		{DD2ECBDE-0F7C-4617-AABF-027F2F877C73}.Debug|Any CPU.Build.0 = Debug|Any CPU
		{DD2ECBDE-0F7C-4617-AABF-027F2F877C73}.Release|Any CPU.ActiveCfg = Release|Any CPU
		{DD2ECBDE-0F7C-4617-AABF-027F2F877C73}.Release|Any CPU.Build.0 = Release|Any CPU
		{10AB024F-4435-4359-AF77-8F90724F71D0}.Debug|Any CPU.ActiveCfg = Debug|Any CPU
		{10AB024F-4435-4359-AF77-8F90724F71D0}.Debug|Any CPU.Build.0 = Debug|Any CPU
		{10AB024F-4435-4359-AF77-8F90724F71D0}.Release|Any CPU.ActiveCfg = Release|Any CPU
		{10AB024F-4435-4359-AF77-8F90724F71D0}.Release|Any CPU.Build.0 = Release|Any CPU
	EndGlobalSection
	GlobalSection(SolutionProperties) = preSolution
		HideSolutionNode = FALSE
	EndGlobalSection
EndGlobal
